Microsoft Visual Studio Solution File, Format Version 12.00
# Visual Studio Version 17
VisualStudioVersion = 17.5.2.0
MinimumVisualStudioVersion = 10.0.40219.1
Project("{FAE04EC0-301F-11D3-BF4B-00C04F79EFBC}") = "Flow.Launcher.Plugin.Caffeine", "Flow.Launcher.Plugin.Caffeine.csproj", "{3864FD6E-857C-769C-6728-7E16386549CC}"
EndProject
Global
	GlobalSection(SolutionConfigurationPlatforms) = preSolution
		Debug|Any CPU = Debug|Any CPU
		Release|Any CPU = Release|Any CPU
	EndGlobalSection
	GlobalSection(ProjectConfigurationPlatforms) = postSolution
		{3864FD6E-857C-769C-6728-7E16386549CC}.Debug|Any CPU.ActiveCfg = Debug|Any CPU
		{3864FD6E-857C-769C-6728-7E16386549CC}.Debug|Any CPU.Build.0 = Debug|Any CPU
		{3864FD6E-857C-769C-6728-7E16386549CC}.Release|Any CPU.ActiveCfg = Release|Any CPU
		{3864FD6E-857C-769C-6728-7E16386549CC}.Release|Any CPU.Build.0 = Release|Any CPU
	EndGlobalSection
	GlobalSection(SolutionProperties) = preSolution
		HideSolutionNode = FALSE
	EndGlobalSection
	GlobalSection(ExtensibilityGlobals) = postSolution
		SolutionGuid = {F14D49D3-F03B-4055-B311-804D1982FBA9}
	EndGlobalSection
EndGlobal
